{
  "name": "front-1",
  "version": "1.0.0",
  "lockfileVersion": 3,
  "requires": true,
  "packages": {
    "": {
      "name": "front-1",
      "version": "1.0.0",
      "license": "ISC",
      "dependencies": {
        "gdrive-fs": "^2.0.6"
      }
    },
    "node_modules/debug": {
      "version": "4.3.4",
      "resolved": "https://registry.npmjs.org/debug/-/debug-4.3.4.tgz",
      "integrity": "sha512-PRWFHuSU3eDtQJPvnNY7Jcket1j0t5OuOsFzPPzsekD52Zl8qUfFIPEiswXqIvHWGVHOgX+7G/vCNNhehwxfkQ==",
      "dependencies": {
        "ms": "2.1.2"
      },
      "engines": {
        "node": ">=6.0"
      },
      "peerDependenciesMeta": {
        "supports-color": {
          "optional": true
        }
      }
    },
    "node_modules/gdrive-fs": {
      "version": "2.0.6",
      "resolved": "https://registry.npmjs.org/gdrive-fs/-/gdrive-fs-2.0.6.tgz",
      "integrity": "sha512-MySI0+LkG31Q4EkYXnEm9Tb/jj94zV2XuCflzgNTJmQwaImTyeg8Z+hAjNYQhsoYm7Hx5GcwVsQmtJurFA5p3w==",
      "dependencies": {
        "debug": "^4.1.1"
      }
    },
    "node_modules/ms": {
      "version": "2.1.2",
      "resolved": "https://registry.npmjs.org/ms/-/ms-2.1.2.tgz",
      "integrity": "sha512-sGkPx+VjMtmA6MX27oA4FBFELFCZZ4S4XqeGOXCv68tT+jb3vk/RyaKWP0PTKyWtmLSM0b+adUTEvbs1PEaH2w=="
    }
  }
}
